
Microsoft Visual Studio Solution File, Format Version 12.00
# Visual Studio 15
VisualStudioVersion = 15.0.27130.2026
MinimumVisualStudioVersion = 10.0.40219.1
Project("{8BC9CEB8-8B4A-11D0-8D11-00A0C91BC942}") = "Downsampler", "Downsampler\Downsampler.vcxproj", "{821C56FE-5C18-4F50-BF60-F9FB444611A8}"
EndProject
Project("{8BC9CEB8-8B4A-11D0-8D11-00A0C91BC942}") = "Transcoder", "Transcoder\Transcoder.vcxproj", "{29EEAE0B-CE62-496E-967F-D6D985BFD1DF}"
EndProject
Project("{8BC9CEB8-8B4A-11D0-8D11-00A0C91BC942}") = "ComputeHistogram", "ComputeHistogram\ComputeHistogram.vcxproj", "{6018F4A9-BFA0-4803-B9C6-637D5B03171F}"
EndProject
Project("{8BC9CEB8-8B4A-11D0-8D11-00A0C91BC942}") = "CameraEmulator", "CameraEmulator\CameraEmulator.vcxproj", "{96A326B8-F3CC-416B-B64B-DC9D5F007ED9}"
EndProject
Project("{8BC9CEB8-8B4A-11D0-8D11-00A0C91BC942}") = "Framifier", "Framifier\Framifier.vcxproj", "{AB669E7D-8957-4EFE-8DF1-EC982A318761}"
EndProject
Project("{8BC9CEB8-8B4A-11D0-8D11-00A0C91BC942}") = "IntensityHistogramMatcher", "IntensityHistogramMatcher\IntensityHistogramMatcher.vcxproj", "{83F5F14C-6A1D-4CEB-B75E-B00710D11102}"
EndProject
Project("{8BC9CEB8-8B4A-11D0-8D11-00A0C91BC942}") = "IntensityTransformer", "IntensityTransformer\IntensityTransformer.vcxproj", "{3971A3A7-B270-4265-ACFC-7765303BF330}"
EndProject
Project("{8BC9CEB8-8B4A-11D0-8D11-00A0C91BC942}") = "IntensityCombiner", "IntensityCombiner\IntensityCombiner.vcxproj", "{8FCA9C6B-0A0B-4FFF-B8DC-583155CBC653}"
EndProject
Project("{8BC9CEB8-8B4A-11D0-8D11-00A0C91BC942}") = "BlenderCameraEmulator", "BlenderCameraEmulator\BlenderCameraEmulator.vcxproj", "{DFA6D2C5-E490-4AAB-8B9B-F64B40DC646A}"
EndProject
Global
	GlobalSection(SolutionConfigurationPlatforms) = preSolution
		Debug|x64 = Debug|x64
		Debug|x86 = Debug|x86
		Release|x64 = Release|x64
		Release|x86 = Release|x86
	EndGlobalSection
	GlobalSection(ProjectConfigurationPlatforms) = postSolution
		{821C56FE-5C18-4F50-BF60-F9FB444611A8}.Debug|x64.ActiveCfg = Debug|x64
		{821C56FE-5C18-4F50-BF60-F9FB444611A8}.Debug|x64.Build.0 = Debug|x64
		{821C56FE-5C18-4F50-BF60-F9FB444611A8}.Debug|x86.ActiveCfg = Debug|Win32
		{821C56FE-5C18-4F50-BF60-F9FB444611A8}.Debug|x86.Build.0 = Debug|Win32
		{821C56FE-5C18-4F50-BF60-F9FB444611A8}.Release|x64.ActiveCfg = Release|x64
		{821C56FE-5C18-4F50-BF60-F9FB444611A8}.Release|x64.Build.0 = Release|x64
		{821C56FE-5C18-4F50-BF60-F9FB444611A8}.Release|x86.ActiveCfg = Release|Win32
		{821C56FE-5C18-4F50-BF60-F9FB444611A8}.Release|x86.Build.0 = Release|Win32
		{29EEAE0B-CE62-496E-967F-D6D985BFD1DF}.Debug|x64.ActiveCfg = Debug|x64
		{29EEAE0B-CE62-496E-967F-D6D985BFD1DF}.Debug|x64.Build.0 = Debug|x64
		{29EEAE0B-CE62-496E-967F-D6D985BFD1DF}.Debug|x86.ActiveCfg = Debug|Win32
		{29EEAE0B-CE62-496E-967F-D6D985BFD1DF}.Debug|x86.Build.0 = Debug|Win32
		{29EEAE0B-CE62-496E-967F-D6D985BFD1DF}.Release|x64.ActiveCfg = Release|x64
		{29EEAE0B-CE62-496E-967F-D6D985BFD1DF}.Release|x64.Build.0 = Release|x64
		{29EEAE0B-CE62-496E-967F-D6D985BFD1DF}.Release|x86.ActiveCfg = Release|Win32
		{29EEAE0B-CE62-496E-967F-D6D985BFD1DF}.Release|x86.Build.0 = Release|Win32
		{6018F4A9-BFA0-4803-B9C6-637D5B03171F}.Debug|x64.ActiveCfg = Debug|x64
		{6018F4A9-BFA0-4803-B9C6-637D5B03171F}.Debug|x64.Build.0 = Debug|x64
		{6018F4A9-BFA0-4803-B9C6-637D5B03171F}.Debug|x86.ActiveCfg = Debug|Win32
		{6018F4A9-BFA0-4803-B9C6-637D5B03171F}.Debug|x86.Build.0 = Debug|Win32
		{6018F4A9-BFA0-4803-B9C6-637D5B03171F}.Release|x64.ActiveCfg = Release|x64
		{6018F4A9-BFA0-4803-B9C6-637D5B03171F}.Release|x64.Build.0 = Release|x64
		{6018F4A9-BFA0-4803-B9C6-637D5B03171F}.Release|x86.ActiveCfg = Release|Win32
		{6018F4A9-BFA0-4803-B9C6-637D5B03171F}.Release|x86.Build.0 = Release|Win32
		{96A326B8-F3CC-416B-B64B-DC9D5F007ED9}.Debug|x64.ActiveCfg = Debug|x64
		{96A326B8-F3CC-416B-B64B-DC9D5F007ED9}.Debug|x64.Build.0 = Debug|x64
		{96A326B8-F3CC-416B-B64B-DC9D5F007ED9}.Debug|x86.ActiveCfg = Debug|Win32
		{96A326B8-F3CC-416B-B64B-DC9D5F007ED9}.Debug|x86.Build.0 = Debug|Win32
		{96A326B8-F3CC-416B-B64B-DC9D5F007ED9}.Release|x64.ActiveCfg = Release|x64
		{96A326B8-F3CC-416B-B64B-DC9D5F007ED9}.Release|x64.Build.0 = Release|x64
		{96A326B8-F3CC-416B-B64B-DC9D5F007ED9}.Release|x86.ActiveCfg = Release|Win32
		{96A326B8-F3CC-416B-B64B-DC9D5F007ED9}.Release|x86.Build.0 = Release|Win32
		{AB669E7D-8957-4EFE-8DF1-EC982A318761}.Debug|x64.ActiveCfg = Debug|x64
		{AB669E7D-8957-4EFE-8DF1-EC982A318761}.Debug|x64.Build.0 = Debug|x64
		{AB669E7D-8957-4EFE-8DF1-EC982A318761}.Debug|x86.ActiveCfg = Debug|Win32
		{AB669E7D-8957-4EFE-8DF1-EC982A318761}.Debug|x86.Build.0 = Debug|Win32
		{AB669E7D-8957-4EFE-8DF1-EC982A318761}.Release|x64.ActiveCfg = Release|x64
		{AB669E7D-8957-4EFE-8DF1-EC982A318761}.Release|x64.Build.0 = Release|x64
		{AB669E7D-8957-4EFE-8DF1-EC982A318761}.Release|x86.ActiveCfg = Release|Win32
		{AB669E7D-8957-4EFE-8DF1-EC982A318761}.Release|x86.Build.0 = Release|Win32
		{83F5F14C-6A1D-4CEB-B75E-B00710D11102}.Debug|x64.ActiveCfg = Debug|x64
		{83F5F14C-6A1D-4CEB-B75E-B00710D11102}.Debug|x64.Build.0 = Debug|x64
		{83F5F14C-6A1D-4CEB-B75E-B00710D11102}.Debug|x86.ActiveCfg = Debug|Win32
		{83F5F14C-6A1D-4CEB-B75E-B00710D11102}.Debug|x86.Build.0 = Debug|Win32
		{83F5F14C-6A1D-4CEB-B75E-B00710D11102}.Release|x64.ActiveCfg = Release|x64
		{83F5F14C-6A1D-4CEB-B75E-B00710D11102}.Release|x64.Build.0 = Release|x64
		{83F5F14C-6A1D-4CEB-B75E-B00710D11102}.Release|x86.ActiveCfg = Release|Win32
		{83F5F14C-6A1D-4CEB-B75E-B00710D11102}.Release|x86.Build.0 = Release|Win32
		{3971A3A7-B270-4265-ACFC-7765303BF330}.Debug|x64.ActiveCfg = Debug|x64
		{3971A3A7-B270-4265-ACFC-7765303BF330}.Debug|x64.Build.0 = Debug|x64
		{3971A3A7-B270-4265-ACFC-7765303BF330}.Debug|x86.ActiveCfg = Debug|Win32
		{3971A3A7-B270-4265-ACFC-7765303BF330}.Debug|x86.Build.0 = Debug|Win32
		{3971A3A7-B270-4265-ACFC-7765303BF330}.Release|x64.ActiveCfg = Release|x64
		{3971A3A7-B270-4265-ACFC-7765303BF330}.Release|x64.Build.0 = Release|x64
		{3971A3A7-B270-4265-ACFC-7765303BF330}.Release|x86.ActiveCfg = Release|Win32
		{3971A3A7-B270-4265-ACFC-7765303BF330}.Release|x86.Build.0 = Release|Win32
		{8FCA9C6B-0A0B-4FFF-B8DC-583155CBC653}.Debug|x64.ActiveCfg = Debug|x64
		{8FCA9C6B-0A0B-4FFF-B8DC-583155CBC653}.Debug|x64.Build.0 = Debug|x64
		{8FCA9C6B-0A0B-4FFF-B8DC-583155CBC653}.Debug|x86.ActiveCfg = Debug|Win32
		{8FCA9C6B-0A0B-4FFF-B8DC-583155CBC653}.Debug|x86.Build.0 = Debug|Win32
		{8FCA9C6B-0A0B-4FFF-B8DC-583155CBC653}.Release|x64.ActiveCfg = Release|x64
		{8FCA9C6B-0A0B-4FFF-B8DC-583155CBC653}.Release|x64.Build.0 = Release|x64
		{8FCA9C6B-0A0B-4FFF-B8DC-583155CBC653}.Release|x86.ActiveCfg = Release|Win32
		{8FCA9C6B-0A0B-4FFF-B8DC-583155CBC653}.Release|x86.Build.0 = Release|Win32
		{DFA6D2C5-E490-4AAB-8B9B-F64B40DC646A}.Debug|x64.ActiveCfg = Debug|x64
		{DFA6D2C5-E490-4AAB-8B9B-F64B40DC646A}.Debug|x64.Build.0 = Debug|x64
		{DFA6D2C5-E490-4AAB-8B9B-F64B40DC646A}.Debug|x86.ActiveCfg = Debug|Win32
		{DFA6D2C5-E490-4AAB-8B9B-F64B40DC646A}.Debug|x86.Build.0 = Debug|Win32
		{DFA6D2C5-E490-4AAB-8B9B-F64B40DC646A}.Release|x64.ActiveCfg = Release|x64
		{DFA6D2C5-E490-4AAB-8B9B-F64B40DC646A}.Release|x64.Build.0 = Release|x64
		{DFA6D2C5-E490-4AAB-8B9B-F64B40DC646A}.Release|x86.ActiveCfg = Release|Win32
		{DFA6D2C5-E490-4AAB-8B9B-F64B40DC646A}.Release|x86.Build.0 = Release|Win32
	EndGlobalSection
	GlobalSection(SolutionProperties) = preSolution
		HideSolutionNode = FALSE
	EndGlobalSection
	GlobalSection(ExtensibilityGlobals) = postSolution
		SolutionGuid = {713379E8-98A8-4B89-8A7A-E658808EBD7C}
	EndGlobalSection
EndGlobal
