<?xml version="1.0" encoding="utf-8"?>
<Project ToolsVersion="4.0" xmlns="http://schemas.microsoft.com/developer/msbuild/2003">
  <ItemGroup>
    <Filter Include="Source Files">
      <UniqueIdentifier>{4FC737F1-C7A5-4376-A066-2A32D752A2FF}</UniqueIdentifier>
      <Extensions>cpp;c;cc;cxx;def;odl;idl;hpj;bat;asm;asmx</Extensions>
    </Filter>
    <Filter Include="Header Files">
      <UniqueIdentifier>{93995380-89BD-4b04-88EB-625FBE52EBFB}</UniqueIdentifier>
      <Extensions>h;hh;hpp;hxx;hm;inl;inc;xsd</Extensions>
    </Filter>
    <Filter Include="Resource Files">
      <UniqueIdentifier>{67DA6AB6-F800-4c08-8B7A-83BB121AAD01}</UniqueIdentifier>
      <Extensions>rc;ico;cur;bmp;dlg;rc2;rct;bin;rgs;gif;jpg;jpeg;jpe;resx;tiff;tif;png;wav;mfcribbon-ms</Extensions>
    </Filter>
  </ItemGroup>
  <ItemGroup>
    <ClInclude Include="FramedCameraEmulator.h">
      <Filter>Header Files</Filter>
    </ClInclude>
    <ClInclude Include="..\Frame\GrayDoubleFrame.h">
      <Filter>Header Files</Filter>
    </ClInclude>
    <ClInclude Include="DController.h">
      <Filter>Header Files</Filter>
    </ClInclude>
    <ClInclude Include="ConstDController.h">
      <Filter>Header Files</Filter>
    </ClInclude>
    <ClInclude Include="TargetDController.h">
      <Filter>Header Files</Filter>
    </ClInclude>
    <ClInclude Include="PixelTracker.h">
      <Filter>Header Files</Filter>
    </ClInclude>
    <ClInclude Include="Source.h">
      <Filter>Header Files</Filter>
    </ClInclude>
    <ClInclude Include="Sink.h">
      <Filter>Header Files</Filter>
    </ClInclude>
    <ClInclude Include="PixelFire.h">
      <Filter>Header Files</Filter>
    </ClInclude>
    <ClInclude Include="DataTypes.h">
      <Filter>Header Files</Filter>
    </ClInclude>
    <ClInclude Include="GrayDoubleFrameStreamSource.h">
      <Filter>Header Files</Filter>
    </ClInclude>
    <ClInclude Include="PixelFireStreamSink.h">
      <Filter>Header Files</Filter>
    </ClInclude>
    <ClInclude Include="PixelFireConsoleSink.h">
      <Filter>Header Files</Filter>
    </ClInclude>
  </ItemGroup>
  <ItemGroup>
    <ClCompile Include="FramedCameraEmulator.cpp">
      <Filter>Source Files</Filter>
    </ClCompile>
    <ClCompile Include="..\Frame\GrayDoubleFrame.cpp">
      <Filter>Source Files</Filter>
    </ClCompile>
    <ClCompile Include="ConstDController.cpp">
      <Filter>Source Files</Filter>
    </ClCompile>
    <ClCompile Include="TargetDController.cpp">
      <Filter>Source Files</Filter>
    </ClCompile>
    <ClCompile Include="GrayDoubleFrameStreamSource.cpp">
      <Filter>Source Files</Filter>
    </ClCompile>
    <ClCompile Include="PixelFireStreamSink.cpp">
      <Filter>Source Files</Filter>
    </ClCompile>
    <ClCompile Include="PixelFireConsoleSink.cpp">
      <Filter>Source Files</Filter>
    </ClCompile>
    <ClCompile Include="PixelFire.cpp">
      <Filter>Source Files</Filter>
    </ClCompile>
    <ClCompile Include="CameraEmulator.cpp">
      <Filter>Source Files</Filter>
    </ClCompile>
    <ClCompile Include="..\Frame\Frame.cpp">
      <Filter>Source Files</Filter>
    </ClCompile>
  </ItemGroup>
</Project>